
Microsoft Visual Studio Solution File, Format Version 12.00
# Visual Studio 2013
VisualStudioVersion = 12.0.30723.0
MinimumVisualStudioVersion = 10.0.40219.1
Project("{FAE04EC0-301F-11D3-BF4B-00C04F79EFBC}") = "pyramydPath", "pyramydPath.csproj", "{B642FA7B-E52D-4F3A-B37B-C07ACD42D3CC}"
EndProject
Global
	GlobalSection(SolutionConfigurationPlatforms) = preSolution
		Debug|Any CPU = Debug|Any CPU
		Release|Any CPU = Release|Any CPU
	EndGlobalSection
	GlobalSection(ProjectConfigurationPlatforms) = postSolution
		{B642FA7B-E52D-4F3A-B37B-C07ACD42D3CC}.Debug|Any CPU.ActiveCfg = Debug|Any CPU
		{B642FA7B-E52D-4F3A-B37B-C07ACD42D3CC}.Debug|Any CPU.Build.0 = Debug|Any CPU
		{B642FA7B-E52D-4F3A-B37B-C07ACD42D3CC}.Release|Any CPU.ActiveCfg = Release|Any CPU
		{B642FA7B-E52D-4F3A-B37B-C07ACD42D3CC}.Release|Any CPU.Build.0 = Release|Any CPU
	EndGlobalSection
	GlobalSection(SolutionProperties) = preSolution
		HideSolutionNode = FALSE
	EndGlobalSection
EndGlobal
